
Microsoft Visual Studio Solution File, Format Version 12.00
# Visual Studio Version 16
VisualStudioVersion = 16.0.32126.315
MinimumVisualStudioVersion = 10.0.40219.1
Project("{8BC9CEB8-8B4A-11D0-8D11-00A0C91BC942}") = "WinAPI_2D_3Wonders", "WinAPI_2D_3Wonders\WinAPI_2D_3Wonders.vcxproj", "{5474D08F-D7B5-4F06-9E40-758534D6AF8C}"
EndProject
Global
	GlobalSection(SolutionConfigurationPlatforms) = preSolution
		Debug|x64 = Debug|x64
		Debug|x86 = Debug|x86
		Release|x64 = Release|x64
		Release|x86 = Release|x86
	EndGlobalSection
	GlobalSection(ProjectConfigurationPlatforms) = postSolution
		{5474D08F-D7B5-4F06-9E40-758534D6AF8C}.Debug|x64.ActiveCfg = Debug|x64
		{5474D08F-D7B5-4F06-9E40-758534D6AF8C}.Debug|x64.Build.0 = Debug|x64
		{5474D08F-D7B5-4F06-9E40-758534D6AF8C}.Debug|x86.ActiveCfg = Debug|Win32
		{5474D08F-D7B5-4F06-9E40-758534D6AF8C}.Debug|x86.Build.0 = Debug|Win32
		{5474D08F-D7B5-4F06-9E40-758534D6AF8C}.Release|x64.ActiveCfg = Release|x64
		{5474D08F-D7B5-4F06-9E40-758534D6AF8C}.Release|x64.Build.0 = Release|x64
		{5474D08F-D7B5-4F06-9E40-758534D6AF8C}.Release|x86.ActiveCfg = Release|Win32
		{5474D08F-D7B5-4F06-9E40-758534D6AF8C}.Release|x86.Build.0 = Release|Win32
	EndGlobalSection
	GlobalSection(SolutionProperties) = preSolution
		HideSolutionNode = FALSE
	EndGlobalSection
	GlobalSection(ExtensibilityGlobals) = postSolution
		SolutionGuid = {84C1C0FC-2E7A-4BA5-9638-C40E2F5148F3}
	EndGlobalSection
EndGlobal
